
Microsoft Visual Studio Solution File, Format Version 12.00
Project("{FAE04EC0-301F-11D3-BF4B-00C04F79EFBC}") = "Nimbbl.Sdk.Rest", "Nimbbl.Sdk.Rest\Nimbbl.Sdk.Rest.csproj", "{1B86D4C0-D1E3-43C5-B1E0-B457E44EBD59}"
EndProject
Project("{FAE04EC0-301F-11D3-BF4B-00C04F79EFBC}") = "Nimbbl.Sdk.Rest.Test", "Nimbbl.Sdk.Rest.Test\Nimbbl.Sdk.Rest.Test.csproj", "{99461934-D2CC-4E15-B6C7-0685F38C132A}"
EndProject
Project("{FAE04EC0-301F-11D3-BF4B-00C04F79EFBC}") = "Examples", "Examples\Examples.csproj", "{A1B2C3D4-E5F6-7890-ABCD-EF1234567890}"
EndProject
Global
	GlobalSection(SolutionConfigurationPlatforms) = preSolution
		Debug|Any CPU = Debug|Any CPU
		Release|Any CPU = Release|Any CPU
	EndGlobalSection
	GlobalSection(ProjectConfigurationPlatforms) = postSolution
		{1B86D4C0-D1E3-43C5-B1E0-B457E44EBD59}.Debug|Any CPU.ActiveCfg = Debug|Any CPU
		{1B86D4C0-D1E3-43C5-B1E0-B457E44EBD59}.Debug|Any CPU.Build.0 = Debug|Any CPU
		{1B86D4C0-D1E3-43C5-B1E0-B457E44EBD59}.Release|Any CPU.ActiveCfg = Release|Any CPU
		{1B86D4C0-D1E3-43C5-B1E0-B457E44EBD59}.Release|Any CPU.Build.0 = Release|Any CPU
		{99461934-D2CC-4E15-B6C7-0685F38C132A}.Debug|Any CPU.ActiveCfg = Debug|Any CPU
		{99461934-D2CC-4E15-B6C7-0685F38C132A}.Debug|Any CPU.Build.0 = Debug|Any CPU
		{99461934-D2CC-4E15-B6C7-0685F38C132A}.Release|Any CPU.ActiveCfg = Release|Any CPU
		{99461934-D2CC-4E15-B6C7-0685F38C132A}.Release|Any CPU.Build.0 = Release|Any CPU
		{A1B2C3D4-E5F6-7890-ABCD-EF1234567890}.Debug|Any CPU.ActiveCfg = Debug|Any CPU
		{A1B2C3D4-E5F6-7890-ABCD-EF1234567890}.Debug|Any CPU.Build.0 = Debug|Any CPU
		{A1B2C3D4-E5F6-7890-ABCD-EF1234567890}.Release|Any CPU.ActiveCfg = Release|Any CPU
		{A1B2C3D4-E5F6-7890-ABCD-EF1234567890}.Release|Any CPU.Build.0 = Release|Any CPU
	EndGlobalSection
EndGlobal
